
Microsoft Visual Studio Solution File, Format Version 12.00
# Visual Studio Version 16
VisualStudioVersion = 16.0.29806.167
MinimumVisualStudioVersion = 10.0.40219.1
Project("{FAE04EC0-301F-11D3-BF4B-00C04F79EFBC}") = "VirtualMethodHW", "VirtualMethodHW\VirtualMethodHW.csproj", "{93BFA84B-4B5D-40A3-81DE-52A1FE40536A}"
EndProject
Global
	GlobalSection(SolutionConfigurationPlatforms) = preSolution
		Debug|Any CPU = Debug|Any CPU
		Release|Any CPU = Release|Any CPU
	EndGlobalSection
	GlobalSection(ProjectConfigurationPlatforms) = postSolution
		{93BFA84B-4B5D-40A3-81DE-52A1FE40536A}.Debug|Any CPU.ActiveCfg = Debug|Any CPU
		{93BFA84B-4B5D-40A3-81DE-52A1FE40536A}.Debug|Any CPU.Build.0 = Debug|Any CPU
		{93BFA84B-4B5D-40A3-81DE-52A1FE40536A}.Release|Any CPU.ActiveCfg = Release|Any CPU
		{93BFA84B-4B5D-40A3-81DE-52A1FE40536A}.Release|Any CPU.Build.0 = Release|Any CPU
	EndGlobalSection
	GlobalSection(SolutionProperties) = preSolution
		HideSolutionNode = FALSE
	EndGlobalSection
	GlobalSection(ExtensibilityGlobals) = postSolution
		SolutionGuid = {1F651F83-CAA2-4992-BE9F-80117D29F15E}
	EndGlobalSection
EndGlobal
